# This file is automatically @generated by Cargo.
# It is not intended for manual editing.
version = 4

[[package]]
name = "observer-ingest"
version = "0.1.0"
dependencies = [
 "observer-protocol",
 "observer-wal",
]

[[package]]
name = "observer-protocol"
version = "0.1.0"

[[package]]
name = "observer-wal"
version = "0.1.0"

[[package]]
name = "observerd"
version = "0.1.0"
dependencies = [
 "observer-ingest",
]
